// !$*UTF8*$!
{
	archiveVersion = 1;
	classes = {
	};
	objectVersion = 56;
	objects = {

/* Begin PBXBuildFile section */
		DF5744BD2D82045E00A394FD /* CoderboticsTestApp.swift in Sources */ = {isa = PBXBuildFile; fileRef = DF5744BC2D82045E00A394FD /* CoderboticsTestApp.swift */; };
		DF5744BF2D82045E00A394FD /* ContentView.swift in Sources */ = {isa = PBXBuildFile; fileRef = DF5744BE2D82045E00A394FD /* ContentView.swift */; };
		DF5744C12D82046100A394FD /* Assets.xcassets in Resources */ = {isa = PBXBuildFile; fileRef = DF5744C02D82046100A394FD /* Assets.xcassets */; };
		DF5744C42D82046100A394FD /* Preview Assets.xcassets in Resources */ = {isa = PBXBuildFile; fileRef = DF5744C32D82046100A394FD /* Preview Assets.xcassets */; };
		DF5744CE2D82046100A394FD /* CoderboticsTestTests.swift in Sources */ = {isa = PBXBuildFile; fileRef = DF5744CD2D82046100A394FD /* CoderboticsTestTests.swift */; };
		DF5744D82D82046100A394FD /* CoderboticsTestUITests.swift in Sources */ = {isa = PBXBuildFile; fileRef = DF5744D72D82046100A394FD /* CoderboticsTestUITests.swift */; };
		DF5744DA2D82046100A394FD /* CoderboticsTestUITestsLaunchTests.swift in Sources */ = {isa = PBXBuildFile; fileRef = DF5744D92D82046100A394FD /* CoderboticsTestUITestsLaunchTests.swift */; };
/* End PBXBuildFile section */

/* Begin PBXContainerItemProxy section */
		DF5744CA2D82046100A394FD /* PBXContainerItemProxy */ = {
			isa = PBXContainerItemProxy;
			containerPortal = DF5744B12D82045E00A394FD /* Project object */;
			proxyType = 1;
			remoteGlobalIDString = DF5744B82D82045E00A394FD;
			remoteInfo = CoderboticsTest;
		};
		DF5744D42D82046100A394FD /* PBXContainerItemProxy */ = {
			isa = PBXContainerItemProxy;
			containerPortal = DF5744B12D82045E00A394FD /* Project object */;
			proxyType = 1;
			remoteGlobalIDString = DF5744B82D82045E00A394FD;
			remoteInfo = CoderboticsTest;
		};
/* End PBXContainerItemProxy section */

/* Begin PBXFileReference section */
		DF5744B92D82045E00A394FD /* CoderboticsTest.app */ = {isa = PBXFileReference; explicitFileType = wrapper.application; includeInIndex = 0; path = CoderboticsTest.app; sourceTree = BUILT_PRODUCTS_DIR; };
		DF5744BC2D82045E00A394FD /* CoderboticsTestApp.swift */ = {isa = PBXFileReference; lastKnownFileType = sourcecode.swift; path = CoderboticsTestApp.swift; sourceTree = "<group>"; };
		DF5744BE2D82045E00A394FD /* ContentView.swift */ = {isa = PBXFileReference; lastKnownFileType = sourcecode.swift; path = ContentView.swift; sourceTree = "<group>"; };
		DF5744C02D82046100A394FD /* Assets.xcassets */ = {isa = PBXFileReference; lastKnownFileType = folder.assetcatalog; path = Assets.xcassets; sourceTree = "<group>"; };
		DF5744C32D82046100A394FD /* Preview Assets.xcassets */ = {isa = PBXFileReference; lastKnownFileType = folder.assetcatalog; path = "Preview Assets.xcassets"; sourceTree = "<group>"; };
		DF5744C92D82046100A394FD /* CoderboticsTestTests.xctest */ = {isa = PBXFileReference; explicitFileType = wrapper.cfbundle; includeInIndex = 0; path = CoderboticsTestTests.xctest; sourceTree = BUILT_PRODUCTS_DIR; };
		DF5744CD2D82046100A394FD /* CoderboticsTestTests.swift */ = {isa = PBXFileReference; lastKnownFileType = sourcecode.swift; path = CoderboticsTestTests.swift; sourceTree = "<group>"; };
		DF5744D32D82046100A394FD /* CoderboticsTestUITests.xctest */ = {isa = PBXFileReference; explicitFileType = wrapper.cfbundle; includeInIndex = 0; path = CoderboticsTestUITests.xctest; sourceTree = BUILT_PRODUCTS_DIR; };
		DF5744D72D82046100A394FD /* CoderboticsTestUITests.swift */ = {isa = PBXFileReference; lastKnownFileType = sourcecode.swift; path = CoderboticsTestUITests.swift; sourceTree = "<group>"; };
		DF5744D92D82046100A394FD /* CoderboticsTestUITestsLaunchTests.swift */ = {isa = PBXFileReference; lastKnownFileType = sourcecode.swift; path = CoderboticsTestUITestsLaunchTests.swift; sourceTree = "<group>"; };
/* End PBXFileReference section */

/* Begin PBXFrameworksBuildPhase section */
		DF5744B62D82045E00A394FD /* Frameworks */ = {
			isa = PBXFrameworksBuildPhase;
			buildActionMask = 2147483647;
			files = (
			);
			runOnlyForDeploymentPostprocessing = 0;
		};
		DF5744C62D82046100A394FD /* Frameworks */ = {
			isa = PBXFrameworksBuildPhase;
			buildActionMask = 2147483647;
			files = (
			);
			runOnlyForDeploymentPostprocessing = 0;
		};
		DF5744D02D82046100A394FD /* Frameworks */ = {
			isa = PBXFrameworksBuildPhase;
			buildActionMask = 2147483647;
			files = (
			);
			runOnlyForDeploymentPostprocessing = 0;
		};
/* End PBXFrameworksBuildPhase section */

/* Begin PBXGroup section */
		DF5744B02D82045E00A394FD = {
			isa = PBXGroup;
			children = (
				DF5744BB2D82045E00A394FD /* CoderboticsTest */,
				DF5744CC2D82046100A394FD /* CoderboticsTestTests */,
				DF5744D62D82046100A394FD /* CoderboticsTestUITests */,
				DF5744BA2D82045E00A394FD /* Products */,
			);
			sourceTree = "<group>";
		};
		DF5744BA2D82045E00A394FD /* Products */ = {
			isa = PBXGroup;
			children = (
				DF5744B92D82045E00A394FD /* CoderboticsTest.app */,
				DF5744C92D82046100A394FD /* CoderboticsTestTests.xctest */,
				DF5744D32D82046100A394FD /* CoderboticsTestUITests.xctest */,
			);
			name = Products;
			sourceTree = "<group>";
		};
		DF5744BB2D82045E00A394FD /* CoderboticsTest */ = {
			isa = PBXGroup;
			children = (
				DF5744BC2D82045E00A394FD /* CoderboticsTestApp.swift */,
				DF5744BE2D82045E00A394FD /* ContentView.swift */,
				DF5744C02D82046100A394FD /* Assets.xcassets */,
				DF5744C22D82046100A394FD /* Preview Content */,
			);
			path = CoderboticsTest;
			sourceTree = "<group>";
		};
		DF5744C22D82046100A394FD /* Preview Content */ = {
			isa = PBXGroup;
			children = (
				DF5744C32D82046100A394FD /* Preview Assets.xcassets */,
			);
			path = "Preview Content";
			sourceTree = "<group>";
		};
		DF5744CC2D82046100A394FD /* CoderboticsTestTests */ = {
			isa = PBXGroup;
			children = (
				DF5744CD2D82046100A394FD /* CoderboticsTestTests.swift */,
			);
			path = CoderboticsTestTests;
			sourceTree = "<group>";
		};
		DF5744D62D82046100A394FD /* CoderboticsTestUITests */ = {
			isa = PBXGroup;
			children = (
				DF5744D72D82046100A394FD /* CoderboticsTestUITests.swift */,
				DF5744D92D82046100A394FD /* CoderboticsTestUITestsLaunchTests.swift */,
			);
			path = CoderboticsTestUITests;
			sourceTree = "<group>";
		};
/* End PBXGroup section */

/* Begin PBXNativeTarget section */
		DF5744B82D82045E00A394FD /* CoderboticsTest */ = {
			isa = PBXNativeTarget;
			buildConfigurationList = DF5744DD2D82046100A394FD /* Build configuration list for PBXNativeTarget "CoderboticsTest" */;
			buildPhases = (
				DF5744B52D82045E00A394FD /* Sources */,
				DF5744B62D82045E00A394FD /* Frameworks */,
				DF5744B72D82045E00A394FD /* Resources */,
			);
			buildRules = (
			);
			dependencies = (
			);
			name = CoderboticsTest;
			productName = CoderboticsTest;
			productReference = DF5744B92D82045E00A394FD /* CoderboticsTest.app */;
			productType = "com.apple.product-type.application";
		};
		DF5744C82D82046100A394FD /* CoderboticsTestTests */ = {
			isa = PBXNativeTarget;
			buildConfigurationList = DF5744E02D82046100A394FD /* Build configuration list for PBXNativeTarget "CoderboticsTestTests" */;
			buildPhases = (
				DF5744C52D82046100A394FD /* Sources */,
				DF5744C62D82046100A394FD /* Frameworks */,
				DF5744C72D82046100A394FD /* Resources */,
			);
			buildRules = (
			);
			dependencies = (
				DF5744CB2D82046100A394FD /* PBXTargetDependency */,
			);
			name = CoderboticsTestTests;
			productName = CoderboticsTestTests;
			productReference = DF5744C92D82046100A394FD /* CoderboticsTestTests.xctest */;
			productType = "com.apple.product-type.bundle.unit-test";
		};
		DF5744D22D82046100A394FD /* CoderboticsTestUITests */ = {
			isa = PBXNativeTarget;
			buildConfigurationList = DF5744E32D82046100A394FD /* Build configuration list for PBXNativeTarget "CoderboticsTestUITests" */;
			buildPhases = (
				DF5744CF2D82046100A394FD /* Sources */,
				DF5744D02D82046100A394FD /* Frameworks */,
				DF5744D12D82046100A394FD /* Resources */,
			);
			buildRules = (
			);
			dependencies = (
				DF5744D52D82046100A394FD /* PBXTargetDependency */,
			);
			name = CoderboticsTestUITests;
			productName = CoderboticsTestUITests;
			productReference = DF5744D32D82046100A394FD /* CoderboticsTestUITests.xctest */;
			productType = "com.apple.product-type.bundle.ui-testing";
		};
/* End PBXNativeTarget section */

/* Begin PBXProject section */
		DF5744B12D82045E00A394FD /* Project object */ = {
			isa = PBXProject;
			attributes = {
				BuildIndependentTargetsInParallel = 1;
				LastSwiftUpdateCheck = 1540;
				LastUpgradeCheck = 1540;
				TargetAttributes = {
					DF5744B82D82045E00A394FD = {
						CreatedOnToolsVersion = 15.4;
					};
					DF5744C82D82046100A394FD = {
						CreatedOnToolsVersion = 15.4;
						TestTargetID = DF5744B82D82045E00A394FD;
					};
					DF5744D22D82046100A394FD = {
						CreatedOnToolsVersion = 15.4;
						TestTargetID = DF5744B82D82045E00A394FD;
					};
				};
			};
			buildConfigurationList = DF5744B42D82045E00A394FD /* Build configuration list for PBXProject "CoderboticsTest" */;
			compatibilityVersion = "Xcode 14.0";
			developmentRegion = en;
			hasScannedForEncodings = 0;
			knownRegions = (
				en,
				Base,
			);
			mainGroup = DF5744B02D82045E00A394FD;
			productRefGroup = DF5744BA2D82045E00A394FD /* Products */;
			projectDirPath = "";
			projectRoot = "";
			targets = (
				DF5744B82D82045E00A394FD /* CoderboticsTest */,
				DF5744C82D82046100A394FD /* CoderboticsTestTests */,
				DF5744D22D82046100A394FD /* CoderboticsTestUITests */,
			);
		};
/* End PBXProject section */

/* Begin PBXResourcesBuildPhase section */
		DF5744B72D82045E00A394FD /* Resources */ = {
			isa = PBXResourcesBuildPhase;
			buildActionMask = 2147483647;
			files = (
				DF5744C42D82046100A394FD /* Preview Assets.xcassets in Resources */,
				DF5744C12D82046100A394FD /* Assets.xcassets in Resources */,
			);
			runOnlyForDeploymentPostprocessing = 0;
		};
		DF5744C72D82046100A394FD /* Resources */ = {
			isa = PBXResourcesBuildPhase;
			buildActionMask = 2147483647;
			files = (
			);
			runOnlyForDeploymentPostprocessing = 0;
		};
		DF5744D12D82046100A394FD /* Resources */ = {
			isa = PBXResourcesBuildPhase;
			buildActionMask = 2147483647;
			files = (
			);
			runOnlyForDeploymentPostprocessing = 0;
		};
/* End PBXResourcesBuildPhase section */

/* Begin PBXSourcesBuildPhase section */
		DF5744B52D82045E00A394FD /* Sources */ = {
			isa = PBXSourcesBuildPhase;
			buildActionMask = 2147483647;
			files = (
				DF5744BF2D82045E00A394FD /* ContentView.swift in Sources */,
				DF5744BD2D82045E00A394FD /* CoderboticsTestApp.swift in Sources */,
			);
			runOnlyForDeploymentPostprocessing = 0;
		};
		DF5744C52D82046100A394FD /* Sources */ = {
			isa = PBXSourcesBuildPhase;
			buildActionMask = 2147483647;
			files = (
				DF5744CE2D82046100A394FD /* CoderboticsTestTests.swift in Sources */,
			);
			runOnlyForDeploymentPostprocessing = 0;
		};
		DF5744CF2D82046100A394FD /* Sources */ = {
			isa = PBXSourcesBuildPhase;
			buildActionMask = 2147483647;
			files = (
				DF5744DA2D82046100A394FD /* CoderboticsTestUITestsLaunchTests.swift in Sources */,
				DF5744D82D82046100A394FD /* CoderboticsTestUITests.swift in Sources */,
			);
			runOnlyForDeploymentPostprocessing = 0;
		};
/* End PBXSourcesBuildPhase section */

/* Begin PBXTargetDependency section */
		DF5744CB2D82046100A394FD /* PBXTargetDependency */ = {
			isa = PBXTargetDependency;
			target = DF5744B82D82045E00A394FD /* CoderboticsTest */;
			targetProxy = DF5744CA2D82046100A394FD /* PBXContainerItemProxy */;
		};
		DF5744D52D82046100A394FD /* PBXTargetDependency */ = {
			isa = PBXTargetDependency;
			target = DF5744B82D82045E00A394FD /* CoderboticsTest */;
			targetProxy = DF5744D42D82046100A394FD /* PBXContainerItemProxy */;
		};
/* End PBXTargetDependency section */

/* Begin XCBuildConfiguration section */
		DF5744DB2D82046100A394FD /* Debug */ = {
			isa = XCBuildConfiguration;
			buildSettings = {
				ALWAYS_SEARCH_USER_PATHS = NO;
				ASSETCATALOG_COMPILER_GENERATE_SWIFT_ASSET_SYMBOL_EXTENSIONS = YES;
				CLANG_ANALYZER_NONNULL = YES;
				CLANG_ANALYZER_NUMBER_OBJECT_CONVERSION = YES_AGGRESSIVE;
				CLANG_CXX_LANGUAGE_STANDARD = "gnu++20";
				CLANG_ENABLE_MODULES = YES;
				CLANG_ENABLE_OBJC_ARC = YES;
				CLANG_ENABLE_OBJC_WEAK = YES;
				CLANG_WARN_BLOCK_CAPTURE_AUTORELEASING = YES;
				CLANG_WARN_BOOL_CONVERSION = YES;
				CLANG_WARN_COMMA = YES;
				CLANG_WARN_CONSTANT_CONVERSION = YES;
				CLANG_WARN_DEPRECATED_OBJC_IMPLEMENTATIONS = YES;
				CLANG_WARN_DIRECT_OBJC_ISA_USAGE = YES_ERROR;
				CLANG_WARN_DOCUMENTATION_COMMENTS = YES;
				CLANG_WARN_EMPTY_BODY = YES;
				CLANG_WARN_ENUM_CONVERSION = YES;
				CLANG_WARN_INFINITE_RECURSION = YES;
				CLANG_WARN_INT_CONVERSION = YES;
				CLANG_WARN_NON_LITERAL_NULL_CONVERSION = YES;
				CLANG_WARN_OBJC_IMPLICIT_RETAIN_SELF = YES;
				CLANG_WARN_OBJC_LITERAL_CONVERSION = YES;
				CLANG_WARN_OBJC_ROOT_CLASS = YES_ERROR;
				CLANG_WARN_QUOTED_INCLUDE_IN_FRAMEWORK_HEADER = YES;
				CLANG_WARN_RANGE_LOOP_ANALYSIS = YES;
				CLANG_WARN_STRICT_PROTOTYPES = YES;
				CLANG_WARN_SUSPICIOUS_MOVE = YES;
				CLANG_WARN_UNGUARDED_AVAILABILITY = YES_AGGRESSIVE;
				CLANG_WARN_UNREACHABLE_CODE = YES;
				CLANG_WARN__DUPLICATE_METHOD_MATCH = YES;
				COPY_PHASE_STRIP = NO;
				DEBUG_INFORMATION_FORMAT = dwarf;
				ENABLE_STRICT_OBJC_MSGSEND = YES;
				ENABLE_TESTABILITY = YES;
				ENABLE_USER_SCRIPT_SANDBOXING = YES;
				GCC_C_LANGUAGE_STANDARD = gnu17;
				GCC_DYNAMIC_NO_PIC = NO;
				GCC_NO_COMMON_BLOCKS = YES;
				GCC_OPTIMIZATION_LEVEL = 0;
				GCC_PREPROCESSOR_DEFINITIONS = (
					"DEBUG=1",
					"$(inherited)",
				);
				GCC_WARN_64_TO_32_BIT_CONVERSION = YES;
				GCC_WARN_ABOUT_RETURN_TYPE = YES_ERROR;
				GCC_WARN_UNDECLARED_SELECTOR = YES;
				GCC_WARN_UNINITIALIZED_AUTOS = YES_AGGRESSIVE;
				GCC_WARN_UNUSED_FUNCTION = YES;
				GCC_WARN_UNUSED_VARIABLE = YES;
				IPHONEOS_DEPLOYMENT_TARGET = 17.5;
				LOCALIZATION_PREFERS_STRING_CATALOGS = YES;
				MTL_ENABLE_DEBUG_INFO = INCLUDE_SOURCE;
				MTL_FAST_MATH = YES;
				ONLY_ACTIVE_ARCH = YES;
				SDKROOT = iphoneos;
				SWIFT_ACTIVE_COMPILATION_CONDITIONS = "DEBUG $(inherited)";
				SWIFT_OPTIMIZATION_LEVEL = "-Onone";
			};
			name = Debug;
		};
		DF5744DC2D82046100A394FD /* Release */ = {
			isa = XCBuildConfiguration;
			buildSettings = {
				ALWAYS_SEARCH_USER_PATHS = NO;
				ASSETCATALOG_COMPILER_GENERATE_SWIFT_ASSET_SYMBOL_EXTENSIONS = YES;
				CLANG_ANALYZER_NONNULL = YES;
				CLANG_ANALYZER_NUMBER_OBJECT_CONVERSION = YES_AGGRESSIVE;
				CLANG_CXX_LANGUAGE_STANDARD = "gnu++20";
				CLANG_ENABLE_MODULES = YES;
				CLANG_ENABLE_OBJC_ARC = YES;
				CLANG_ENABLE_OBJC_WEAK = YES;
				CLANG_WARN_BLOCK_CAPTURE_AUTORELEASING = YES;
				CLANG_WARN_BOOL_CONVERSION = YES;
				CLANG_WARN_COMMA = YES;
				CLANG_WARN_CONSTANT_CONVERSION = YES;
				CLANG_WARN_DEPRECATED_OBJC_IMPLEMENTATIONS = YES;
				CLANG_WARN_DIRECT_OBJC_ISA_USAGE = YES_ERROR;
				CLANG_WARN_DOCUMENTATION_COMMENTS = YES;
				CLANG_WARN_EMPTY_BODY = YES;
				CLANG_WARN_ENUM_CONVERSION = YES;
				CLANG_WARN_INFINITE_RECURSION = YES;
				CLANG_WARN_INT_CONVERSION = YES;
				CLANG_WARN_NON_LITERAL_NULL_CONVERSION = YES;
				CLANG_WARN_OBJC_IMPLICIT_RETAIN_SELF = YES;
				CLANG_WARN_OBJC_LITERAL_CONVERSION = YES;
				CLANG_WARN_OBJC_ROOT_CLASS = YES_ERROR;
				CLANG_WARN_QUOTED_INCLUDE_IN_FRAMEWORK_HEADER = YES;
				CLANG_WARN_RANGE_LOOP_ANALYSIS = YES;
				CLANG_WARN_STRICT_PROTOTYPES = YES;
				CLANG_WARN_SUSPICIOUS_MOVE = YES;
				CLANG_WARN_UNGUARDED_AVAILABILITY = YES_AGGRESSIVE;
				CLANG_WARN_UNREACHABLE_CODE = YES;
				CLANG_WARN__DUPLICATE_METHOD_MATCH = YES;
				COPY_PHASE_STRIP = NO;
				DEBUG_INFORMATION_FORMAT = "dwarf-with-dsym";
				ENABLE_NS_ASSERTIONS = NO;
				ENABLE_STRICT_OBJC_MSGSEND = YES;
				ENABLE_USER_SCRIPT_SANDBOXING = YES;
				GCC_C_LANGUAGE_STANDARD = gnu17;
				GCC_NO_COMMON_BLOCKS = YES;
				GCC_WARN_64_TO_32_BIT_CONVERSION = YES;
				GCC_WARN_ABOUT_RETURN_TYPE = YES_ERROR;
				GCC_WARN_UNDECLARED_SELECTOR = YES;
				GCC_WARN_UNINITIALIZED_AUTOS = YES_AGGRESSIVE;
				GCC_WARN_UNUSED_FUNCTION = YES;
				GCC_WARN_UNUSED_VARIABLE = YES;
				IPHONEOS_DEPLOYMENT_TARGET = 17.5;
				LOCALIZATION_PREFERS_STRING_CATALOGS = YES;
				MTL_ENABLE_DEBUG_INFO = NO;
				MTL_FAST_MATH = YES;
				SDKROOT = iphoneos;
				SWIFT_COMPILATION_MODE = wholemodule;
				VALIDATE_PRODUCT = YES;
			};
			name = Release;
		};
		DF5744DE2D82046100A394FD /* Debug */ = {
			isa = XCBuildConfiguration;
			buildSettings = {
				ASSETCATALOG_COMPILER_APPICON_NAME = AppIcon;
				ASSETCATALOG_COMPILER_GLOBAL_ACCENT_COLOR_NAME = AccentColor;
				CODE_SIGN_STYLE = Automatic;
				CURRENT_PROJECT_VERSION = 1;
				DEVELOPMENT_ASSET_PATHS = "\"CoderboticsTest/Preview Content\"";
				ENABLE_PREVIEWS = YES;
				GENERATE_INFOPLIST_FILE = YES;
				INFOPLIST_KEY_UIApplicationSceneManifest_Generation = YES;
				INFOPLIST_KEY_UIApplicationSupportsIndirectInputEvents = YES;
				INFOPLIST_KEY_UILaunchScreen_Generation = YES;
				INFOPLIST_KEY_UISupportedInterfaceOrientations_iPad = "UIInterfaceOrientationPortrait UIInterfaceOrientationPortraitUpsideDown UIInterfaceOrientationLandscapeLeft UIInterfaceOrientationLandscapeRight";
				INFOPLIST_KEY_UISupportedInterfaceOrientations_iPhone = "UIInterfaceOrientationPortrait UIInterfaceOrientationLandscapeLeft UIInterfaceOrientationLandscapeRight";
				LD_RUNPATH_SEARCH_PATHS = (
					"$(inherited)",
					"@executable_path/Frameworks",
				);
				MARKETING_VERSION = 1.0;
				PRODUCT_BUNDLE_IDENTIFIER = "jm-training.CoderboticsTest";
				PRODUCT_NAME = "$(TARGET_NAME)";
				SWIFT_EMIT_LOC_STRINGS = YES;
				SWIFT_VERSION = 5.0;
				TARGETED_DEVICE_FAMILY = "1,2";
			};
			name = Debug;
		};
		DF5744DF2D82046100A394FD /* Release */ = {
			isa = XCBuildConfiguration;
			buildSettings = {
				ASSETCATALOG_COMPILER_APPICON_NAME = AppIcon;
				ASSETCATALOG_COMPILER_GLOBAL_ACCENT_COLOR_NAME = AccentColor;
				CODE_SIGN_STYLE = Automatic;
				CURRENT_PROJECT_VERSION = 1;
				DEVELOPMENT_ASSET_PATHS = "\"CoderboticsTest/Preview Content\"";
				ENABLE_PREVIEWS = YES;
				GENERATE_INFOPLIST_FILE = YES;
				INFOPLIST_KEY_UIApplicationSceneManifest_Generation = YES;
				INFOPLIST_KEY_UIApplicationSupportsIndirectInputEvents = YES;
				INFOPLIST_KEY_UILaunchScreen_Generation = YES;
				INFOPLIST_KEY_UISupportedInterfaceOrientations_iPad = "UIInterfaceOrientationPortrait UIInterfaceOrientationPortraitUpsideDown UIInterfaceOrientationLandscapeLeft UIInterfaceOrientationLandscapeRight";
				INFOPLIST_KEY_UISupportedInterfaceOrientations_iPhone = "UIInterfaceOrientationPortrait UIInterfaceOrientationLandscapeLeft UIInterfaceOrientationLandscapeRight";
				LD_RUNPATH_SEARCH_PATHS = (
					"$(inherited)",
					"@executable_path/Frameworks",
				);
				MARKETING_VERSION = 1.0;
				PRODUCT_BUNDLE_IDENTIFIER = "jm-training.CoderboticsTest";
				PRODUCT_NAME = "$(TARGET_NAME)";
				SWIFT_EMIT_LOC_STRINGS = YES;
				SWIFT_VERSION = 5.0;
				TARGETED_DEVICE_FAMILY = "1,2";
			};
			name = Release;
		};
		DF5744E12D82046100A394FD /* Debug */ = {
			isa = XCBuildConfiguration;
			buildSettings = {
				ALWAYS_EMBED_SWIFT_STANDARD_LIBRARIES = YES;
				BUNDLE_LOADER = "$(TEST_HOST)";
				CODE_SIGN_STYLE = Automatic;
				CURRENT_PROJECT_VERSION = 1;
				GENERATE_INFOPLIST_FILE = YES;
				IPHONEOS_DEPLOYMENT_TARGET = 17.5;
				MARKETING_VERSION = 1.0;
				PRODUCT_BUNDLE_IDENTIFIER = "jm-training.CoderboticsTestTests";
				PRODUCT_NAME = "$(TARGET_NAME)";
				SWIFT_EMIT_LOC_STRINGS = NO;
				SWIFT_VERSION = 5.0;
				TARGETED_DEVICE_FAMILY = "1,2";
				TEST_HOST = "$(BUILT_PRODUCTS_DIR)/CoderboticsTest.app/$(BUNDLE_EXECUTABLE_FOLDER_PATH)/CoderboticsTest";
			};
			name = Debug;
		};
		DF5744E22D82046100A394FD /* Release */ = {
			isa = XCBuildConfiguration;
			buildSettings = {
				ALWAYS_EMBED_SWIFT_STANDARD_LIBRARIES = YES;
				BUNDLE_LOADER = "$(TEST_HOST)";
				CODE_SIGN_STYLE = Automatic;
				CURRENT_PROJECT_VERSION = 1;
				GENERATE_INFOPLIST_FILE = YES;
				IPHONEOS_DEPLOYMENT_TARGET = 17.5;
				MARKETING_VERSION = 1.0;
				PRODUCT_BUNDLE_IDENTIFIER = "jm-training.CoderboticsTestTests";
				PRODUCT_NAME = "$(TARGET_NAME)";
				SWIFT_EMIT_LOC_STRINGS = NO;
				SWIFT_VERSION = 5.0;
				TARGETED_DEVICE_FAMILY = "1,2";
				TEST_HOST = "$(BUILT_PRODUCTS_DIR)/CoderboticsTest.app/$(BUNDLE_EXECUTABLE_FOLDER_PATH)/CoderboticsTest";
			};
			name = Release;
		};
		DF5744E42D82046100A394FD /* Debug */ = {
			isa = XCBuildConfiguration;
			buildSettings = {
				ALWAYS_EMBED_SWIFT_STANDARD_LIBRARIES = YES;
				CODE_SIGN_STYLE = Automatic;
				CURRENT_PROJECT_VERSION = 1;
				GENERATE_INFOPLIST_FILE = YES;
				MARKETING_VERSION = 1.0;
				PRODUCT_BUNDLE_IDENTIFIER = "jm-training.CoderboticsTestUITests";
				PRODUCT_NAME = "$(TARGET_NAME)";
				SWIFT_EMIT_LOC_STRINGS = NO;
				SWIFT_VERSION = 5.0;
				TARGETED_DEVICE_FAMILY = "1,2";
				TEST_TARGET_NAME = CoderboticsTest;
			};
			name = Debug;
		};
		DF5744E52D82046100A394FD /* Release */ = {
			isa = XCBuildConfiguration;
			buildSettings = {
				ALWAYS_EMBED_SWIFT_STANDARD_LIBRARIES = YES;
				CODE_SIGN_STYLE = Automatic;
				CURRENT_PROJECT_VERSION = 1;
				GENERATE_INFOPLIST_FILE = YES;
				MARKETING_VERSION = 1.0;
				PRODUCT_BUNDLE_IDENTIFIER = "jm-training.CoderboticsTestUITests";
				PRODUCT_NAME = "$(TARGET_NAME)";
				SWIFT_EMIT_LOC_STRINGS = NO;
				SWIFT_VERSION = 5.0;
				TARGETED_DEVICE_FAMILY = "1,2";
				TEST_TARGET_NAME = CoderboticsTest;
			};
			name = Release;
		};
/* End XCBuildConfiguration section */

/* Begin XCConfigurationList section */
		DF5744B42D82045E00A394FD /* Build configuration list for PBXProject "CoderboticsTest" */ = {
			isa = XCConfigurationList;
			buildConfigurations = (
				DF5744DB2D82046100A394FD /* Debug */,
				DF5744DC2D82046100A394FD /* Release */,
			);
			defaultConfigurationIsVisible = 0;
			defaultConfigurationName = Release;
		};
		DF5744DD2D82046100A394FD /* Build configuration list for PBXNativeTarget "CoderboticsTest" */ = {
			isa = XCConfigurationList;
			buildConfigurations = (
				DF5744DE2D82046100A394FD /* Debug */,
				DF5744DF2D82046100A394FD /* Release */,
			);
			defaultConfigurationIsVisible = 0;
			defaultConfigurationName = Release;
		};
		DF5744E02D82046100A394FD /* Build configuration list for PBXNativeTarget "CoderboticsTestTests" */ = {
			isa = XCConfigurationList;
			buildConfigurations = (
				DF5744E12D82046100A394FD /* Debug */,
				DF5744E22D82046100A394FD /* Release */,
			);
			defaultConfigurationIsVisible = 0;
			defaultConfigurationName = Release;
		};
		DF5744E32D82046100A394FD /* Build configuration list for PBXNativeTarget "CoderboticsTestUITests" */ = {
			isa = XCConfigurationList;
			buildConfigurations = (
				DF5744E42D82046100A394FD /* Debug */,
				DF5744E52D82046100A394FD /* Release */,
			);
			defaultConfigurationIsVisible = 0;
			defaultConfigurationName = Release;
		};
/* End XCConfigurationList section */
	};
	rootObject = DF5744B12D82045E00A394FD /* Project object */;
}
